// !$*UTF8*$!
{
	archiveVersion = 1;
	classes = {
	};
	objectVersion = 50;
	objects = {

/* Begin PBXBuildFile section */
		971FDA422162F31B000C3DF7 /* AppDelegate.swift in Sources */ = {isa = PBXBuildFile; fileRef = 971FDA412162F31B000C3DF7 /* AppDelegate.swift */; };
		971FDA472162F31B000C3DF7 /* Main.storyboard in Resources */ = {isa = PBXBuildFile; fileRef = 971FDA452162F31B000C3DF7 /* Main.storyboard */; };
		971FDA492162F31C000C3DF7 /* Assets.xcassets in Resources */ = {isa = PBXBuildFile; fileRef = 971FDA482162F31C000C3DF7 /* Assets.xcassets */; };
		971FDA4C2162F31C000C3DF7 /* LaunchScreen.storyboard in Resources */ = {isa = PBXBuildFile; fileRef = 971FDA4A2162F31C000C3DF7 /* LaunchScreen.storyboard */; };
		971FDA572162F31C000C3DF7 /* SelfigramTests.swift in Sources */ = {isa = PBXBuildFile; fileRef = 971FDA562162F31C000C3DF7 /* SelfigramTests.swift */; };
		971FDA622162F31C000C3DF7 /* SelfigramUITests.swift in Sources */ = {isa = PBXBuildFile; fileRef = 971FDA612162F31C000C3DF7 /* SelfigramUITests.swift */; };
		974F8526216EEE3700DF4A9C /* User.swift in Sources */ = {isa = PBXBuildFile; fileRef = 974F8525216EEE3700DF4A9C /* User.swift */; };
		974F8528216EF11300DF4A9C /* Post.swift in Sources */ = {isa = PBXBuildFile; fileRef = 974F8527216EF11300DF4A9C /* Post.swift */; };
		97902E29216C4BFF007D21CA /* ProfileViewController.swift in Sources */ = {isa = PBXBuildFile; fileRef = 97902E28216C4BFF007D21CA /* ProfileViewController.swift */; };
/* End PBXBuildFile section */

/* Begin PBXContainerItemProxy section */
		971FDA532162F31C000C3DF7 /* PBXContainerItemProxy */ = {
			isa = PBXContainerItemProxy;
			containerPortal = 971FDA362162F31B000C3DF7 /* Project object */;
			proxyType = 1;
			remoteGlobalIDString = 971FDA3D2162F31B000C3DF7;
			remoteInfo = Selfigram;
		};
		971FDA5E2162F31C000C3DF7 /* PBXContainerItemProxy */ = {
			isa = PBXContainerItemProxy;
			containerPortal = 971FDA362162F31B000C3DF7 /* Project object */;
			proxyType = 1;
			remoteGlobalIDString = 971FDA3D2162F31B000C3DF7;
			remoteInfo = Selfigram;
		};
/* End PBXContainerItemProxy section */

/* Begin PBXFileReference section */
		971FDA3E2162F31B000C3DF7 /* Selfigram.app */ = {isa = PBXFileReference; explicitFileType = wrapper.application; includeInIndex = 0; path = Selfigram.app; sourceTree = BUILT_PRODUCTS_DIR; };
		971FDA412162F31B000C3DF7 /* AppDelegate.swift */ = {isa = PBXFileReference; lastKnownFileType = sourcecode.swift; path = AppDelegate.swift; sourceTree = "<group>"; };
		971FDA462162F31B000C3DF7 /* Base */ = {isa = PBXFileReference; lastKnownFileType = file.storyboard; name = Base; path = Base.lproj/Main.storyboard; sourceTree = "<group>"; };
		971FDA482162F31C000C3DF7 /* Assets.xcassets */ = {isa = PBXFileReference; lastKnownFileType = folder.assetcatalog; path = Assets.xcassets; sourceTree = "<group>"; };
		971FDA4B2162F31C000C3DF7 /* Base */ = {isa = PBXFileReference; lastKnownFileType = file.storyboard; name = Base; path = Base.lproj/LaunchScreen.storyboard; sourceTree = "<group>"; };
		971FDA4D2162F31C000C3DF7 /* Info.plist */ = {isa = PBXFileReference; lastKnownFileType = text.plist.xml; path = Info.plist; sourceTree = "<group>"; };
		971FDA522162F31C000C3DF7 /* SelfigramTests.xctest */ = {isa = PBXFileReference; explicitFileType = wrapper.cfbundle; includeInIndex = 0; path = SelfigramTests.xctest; sourceTree = BUILT_PRODUCTS_DIR; };
		971FDA562162F31C000C3DF7 /* SelfigramTests.swift */ = {isa = PBXFileReference; lastKnownFileType = sourcecode.swift; path = SelfigramTests.swift; sourceTree = "<group>"; };
		971FDA582162F31C000C3DF7 /* Info.plist */ = {isa = PBXFileReference; lastKnownFileType = text.plist.xml; path = Info.plist; sourceTree = "<group>"; };
		971FDA5D2162F31C000C3DF7 /* SelfigramUITests.xctest */ = {isa = PBXFileReference; explicitFileType = wrapper.cfbundle; includeInIndex = 0; path = SelfigramUITests.xctest; sourceTree = BUILT_PRODUCTS_DIR; };
		971FDA612162F31C000C3DF7 /* SelfigramUITests.swift */ = {isa = PBXFileReference; lastKnownFileType = sourcecode.swift; path = SelfigramUITests.swift; sourceTree = "<group>"; };
		971FDA632162F31C000C3DF7 /* Info.plist */ = {isa = PBXFileReference; lastKnownFileType = text.plist.xml; path = Info.plist; sourceTree = "<group>"; };
		974F8525216EEE3700DF4A9C /* User.swift */ = {isa = PBXFileReference; lastKnownFileType = sourcecode.swift; path = User.swift; sourceTree = "<group>"; };
		974F8527216EF11300DF4A9C /* Post.swift */ = {isa = PBXFileReference; lastKnownFileType = sourcecode.swift; path = Post.swift; sourceTree = "<group>"; };
		97902E28216C4BFF007D21CA /* ProfileViewController.swift */ = {isa = PBXFileReference; lastKnownFileType = sourcecode.swift; path = ProfileViewController.swift; sourceTree = "<group>"; };
/* End PBXFileReference section */

/* Begin PBXFrameworksBuildPhase section */
		971FDA3B2162F31B000C3DF7 /* Frameworks */ = {
			isa = PBXFrameworksBuildPhase;
			buildActionMask = 2147483647;
			files = (
			);
			runOnlyForDeploymentPostprocessing = 0;
		};
		971FDA4F2162F31C000C3DF7 /* Frameworks */ = {
			isa = PBXFrameworksBuildPhase;
			buildActionMask = 2147483647;
			files = (
			);
			runOnlyForDeploymentPostprocessing = 0;
		};
		971FDA5A2162F31C000C3DF7 /* Frameworks */ = {
			isa = PBXFrameworksBuildPhase;
			buildActionMask = 2147483647;
			files = (
			);
			runOnlyForDeploymentPostprocessing = 0;
		};
/* End PBXFrameworksBuildPhase section */

/* Begin PBXGroup section */
		971FDA352162F31B000C3DF7 = {
			isa = PBXGroup;
			children = (
				971FDA402162F31B000C3DF7 /* Selfigram */,
				971FDA552162F31C000C3DF7 /* SelfigramTests */,
				971FDA602162F31C000C3DF7 /* SelfigramUITests */,
				971FDA3F2162F31B000C3DF7 /* Products */,
			);
			sourceTree = "<group>";
		};
		971FDA3F2162F31B000C3DF7 /* Products */ = {
			isa = PBXGroup;
			children = (
				971FDA3E2162F31B000C3DF7 /* Selfigram.app */,
				971FDA522162F31C000C3DF7 /* SelfigramTests.xctest */,
				971FDA5D2162F31C000C3DF7 /* SelfigramUITests.xctest */,
			);
			name = Products;
			sourceTree = "<group>";
		};
		971FDA402162F31B000C3DF7 /* Selfigram */ = {
			isa = PBXGroup;
			children = (
				971FDA412162F31B000C3DF7 /* AppDelegate.swift */,
				971FDA452162F31B000C3DF7 /* Main.storyboard */,
				97902E28216C4BFF007D21CA /* ProfileViewController.swift */,
				974F8525216EEE3700DF4A9C /* User.swift */,
				974F8527216EF11300DF4A9C /* Post.swift */,
				971FDA482162F31C000C3DF7 /* Assets.xcassets */,
				971FDA4A2162F31C000C3DF7 /* LaunchScreen.storyboard */,
				971FDA4D2162F31C000C3DF7 /* Info.plist */,
			);
			path = Selfigram;
			sourceTree = "<group>";
		};
		971FDA552162F31C000C3DF7 /* SelfigramTests */ = {
			isa = PBXGroup;
			children = (
				971FDA562162F31C000C3DF7 /* SelfigramTests.swift */,
				971FDA582162F31C000C3DF7 /* Info.plist */,
			);
			path = SelfigramTests;
			sourceTree = "<group>";
		};
		971FDA602162F31C000C3DF7 /* SelfigramUITests */ = {
			isa = PBXGroup;
			children = (
				971FDA612162F31C000C3DF7 /* SelfigramUITests.swift */,
				971FDA632162F31C000C3DF7 /* Info.plist */,
			);
			path = SelfigramUITests;
			sourceTree = "<group>";
		};
/* End PBXGroup section */

/* Begin PBXNativeTarget section */
		971FDA3D2162F31B000C3DF7 /* Selfigram */ = {
			isa = PBXNativeTarget;
			buildConfigurationList = 971FDA662162F31C000C3DF7 /* Build configuration list for PBXNativeTarget "Selfigram" */;
			buildPhases = (
				971FDA3A2162F31B000C3DF7 /* Sources */,
				971FDA3B2162F31B000C3DF7 /* Frameworks */,
				971FDA3C2162F31B000C3DF7 /* Resources */,
			);
			buildRules = (
			);
			dependencies = (
			);
			name = Selfigram;
			productName = Selfigram;
			productReference = 971FDA3E2162F31B000C3DF7 /* Selfigram.app */;
			productType = "com.apple.product-type.application";
		};
		971FDA512162F31C000C3DF7 /* SelfigramTests */ = {
			isa = PBXNativeTarget;
			buildConfigurationList = 971FDA692162F31C000C3DF7 /* Build configuration list for PBXNativeTarget "SelfigramTests" */;
			buildPhases = (
				971FDA4E2162F31C000C3DF7 /* Sources */,
				971FDA4F2162F31C000C3DF7 /* Frameworks */,
				971FDA502162F31C000C3DF7 /* Resources */,
			);
			buildRules = (
			);
			dependencies = (
				971FDA542162F31C000C3DF7 /* PBXTargetDependency */,
			);
			name = SelfigramTests;
			productName = SelfigramTests;
			productReference = 971FDA522162F31C000C3DF7 /* SelfigramTests.xctest */;
			productType = "com.apple.product-type.bundle.unit-test";
		};
		971FDA5C2162F31C000C3DF7 /* SelfigramUITests */ = {
			isa = PBXNativeTarget;
			buildConfigurationList = 971FDA6C2162F31C000C3DF7 /* Build configuration list for PBXNativeTarget "SelfigramUITests" */;
			buildPhases = (
				971FDA592162F31C000C3DF7 /* Sources */,
				971FDA5A2162F31C000C3DF7 /* Frameworks */,
				971FDA5B2162F31C000C3DF7 /* Resources */,
			);
			buildRules = (
			);
			dependencies = (
				971FDA5F2162F31C000C3DF7 /* PBXTargetDependency */,
			);
			name = SelfigramUITests;
			productName = SelfigramUITests;
			productReference = 971FDA5D2162F31C000C3DF7 /* SelfigramUITests.xctest */;
			productType = "com.apple.product-type.bundle.ui-testing";
		};
/* End PBXNativeTarget section */

/* Begin PBXProject section */
		971FDA362162F31B000C3DF7 /* Project object */ = {
			isa = PBXProject;
			attributes = {
				LastSwiftUpdateCheck = 1000;
				LastUpgradeCheck = 1000;
				ORGANIZATIONNAME = Eventbase;
				TargetAttributes = {
					971FDA3D2162F31B000C3DF7 = {
						CreatedOnToolsVersion = 10.0;
					};
					971FDA512162F31C000C3DF7 = {
						CreatedOnToolsVersion = 10.0;
						TestTargetID = 971FDA3D2162F31B000C3DF7;
					};
					971FDA5C2162F31C000C3DF7 = {
						CreatedOnToolsVersion = 10.0;
						TestTargetID = 971FDA3D2162F31B000C3DF7;
					};
				};
			};
			buildConfigurationList = 971FDA392162F31B000C3DF7 /* Build configuration list for PBXProject "Selfigram" */;
			compatibilityVersion = "Xcode 9.3";
			developmentRegion = en;
			hasScannedForEncodings = 0;
			knownRegions = (
				en,
				Base,
			);
			mainGroup = 971FDA352162F31B000C3DF7;
			productRefGroup = 971FDA3F2162F31B000C3DF7 /* Products */;
			projectDirPath = "";
			projectRoot = "";
			targets = (
				971FDA3D2162F31B000C3DF7 /* Selfigram */,
				971FDA512162F31C000C3DF7 /* SelfigramTests */,
				971FDA5C2162F31C000C3DF7 /* SelfigramUITests */,
			);
		};
/* End PBXProject section */

/* Begin PBXResourcesBuildPhase section */
		971FDA3C2162F31B000C3DF7 /* Resources */ = {
			isa = PBXResourcesBuildPhase;
			buildActionMask = 2147483647;
			files = (
				971FDA4C2162F31C000C3DF7 /* LaunchScreen.storyboard in Resources */,
				971FDA492162F31C000C3DF7 /* Assets.xcassets in Resources */,
				971FDA472162F31B000C3DF7 /* Main.storyboard in Resources */,
			);
			runOnlyForDeploymentPostprocessing = 0;
		};
		971FDA502162F31C000C3DF7 /* Resources */ = {
			isa = PBXResourcesBuildPhase;
			buildActionMask = 2147483647;
			files = (
			);
			runOnlyForDeploymentPostprocessing = 0;
		};
		971FDA5B2162F31C000C3DF7 /* Resources */ = {
			isa = PBXResourcesBuildPhase;
			buildActionMask = 2147483647;
			files = (
			);
			runOnlyForDeploymentPostprocessing = 0;
		};
/* End PBXResourcesBuildPhase section */

/* Begin PBXSourcesBuildPhase section */
		971FDA3A2162F31B000C3DF7 /* Sources */ = {
			isa = PBXSourcesBuildPhase;
			buildActionMask = 2147483647;
			files = (
				97902E29216C4BFF007D21CA /* ProfileViewController.swift in Sources */,
				971FDA422162F31B000C3DF7 /* AppDelegate.swift in Sources */,
				974F8526216EEE3700DF4A9C /* User.swift in Sources */,
				974F8528216EF11300DF4A9C /* Post.swift in Sources */,
			);
			runOnlyForDeploymentPostprocessing = 0;
		};
		971FDA4E2162F31C000C3DF7 /* Sources */ = {
			isa = PBXSourcesBuildPhase;
			buildActionMask = 2147483647;
			files = (
				971FDA572162F31C000C3DF7 /* SelfigramTests.swift in Sources */,
			);
			runOnlyForDeploymentPostprocessing = 0;
		};
		971FDA592162F31C000C3DF7 /* Sources */ = {
			isa = PBXSourcesBuildPhase;
			buildActionMask = 2147483647;
			files = (
				971FDA622162F31C000C3DF7 /* SelfigramUITests.swift in Sources */,
			);
			runOnlyForDeploymentPostprocessing = 0;
		};
/* End PBXSourcesBuildPhase section */

/* Begin PBXTargetDependency section */
		971FDA542162F31C000C3DF7 /* PBXTargetDependency */ = {
			isa = PBXTargetDependency;
			target = 971FDA3D2162F31B000C3DF7 /* Selfigram */;
			targetProxy = 971FDA532162F31C000C3DF7 /* PBXContainerItemProxy */;
		};
		971FDA5F2162F31C000C3DF7 /* PBXTargetDependency */ = {
			isa = PBXTargetDependency;
			target = 971FDA3D2162F31B000C3DF7 /* Selfigram */;
			targetProxy = 971FDA5E2162F31C000C3DF7 /* PBXContainerItemProxy */;
		};
/* End PBXTargetDependency section */

/* Begin PBXVariantGroup section */
		971FDA452162F31B000C3DF7 /* Main.storyboard */ = {
			isa = PBXVariantGroup;
			children = (
				971FDA462162F31B000C3DF7 /* Base */,
			);
			name = Main.storyboard;
			sourceTree = "<group>";
		};
		971FDA4A2162F31C000C3DF7 /* LaunchScreen.storyboard */ = {
			isa = PBXVariantGroup;
			children = (
				971FDA4B2162F31C000C3DF7 /* Base */,
			);
			name = LaunchScreen.storyboard;
			sourceTree = "<group>";
		};
/* End PBXVariantGroup section */

/* Begin XCBuildConfiguration section */
		971FDA642162F31C000C3DF7 /* Debug */ = {
			isa = XCBuildConfiguration;
			buildSettings = {
				ALWAYS_SEARCH_USER_PATHS = NO;
				CLANG_ANALYZER_NONNULL = YES;
				CLANG_ANALYZER_NUMBER_OBJECT_CONVERSION = YES_AGGRESSIVE;
				CLANG_CXX_LANGUAGE_STANDARD = "gnu++14";
				CLANG_CXX_LIBRARY = "libc++";
				CLANG_ENABLE_MODULES = YES;
				CLANG_ENABLE_OBJC_ARC = YES;
				CLANG_ENABLE_OBJC_WEAK = YES;
				CLANG_WARN_BLOCK_CAPTURE_AUTORELEASING = YES;
				CLANG_WARN_BOOL_CONVERSION = YES;
				CLANG_WARN_COMMA = YES;
				CLANG_WARN_CONSTANT_CONVERSION = YES;
				CLANG_WARN_DEPRECATED_OBJC_IMPLEMENTATIONS = YES;
				CLANG_WARN_DIRECT_OBJC_ISA_USAGE = YES_ERROR;
				CLANG_WARN_DOCUMENTATION_COMMENTS = YES;
				CLANG_WARN_EMPTY_BODY = YES;
				CLANG_WARN_ENUM_CONVERSION = YES;
				CLANG_WARN_INFINITE_RECURSION = YES;
				CLANG_WARN_INT_CONVERSION = YES;
				CLANG_WARN_NON_LITERAL_NULL_CONVERSION = YES;
				CLANG_WARN_OBJC_IMPLICIT_RETAIN_SELF = YES;
				CLANG_WARN_OBJC_LITERAL_CONVERSION = YES;
				CLANG_WARN_OBJC_ROOT_CLASS = YES_ERROR;
				CLANG_WARN_RANGE_LOOP_ANALYSIS = YES;
				CLANG_WARN_STRICT_PROTOTYPES = YES;
				CLANG_WARN_SUSPICIOUS_MOVE = YES;
				CLANG_WARN_UNGUARDED_AVAILABILITY = YES_AGGRESSIVE;
				CLANG_WARN_UNREACHABLE_CODE = YES;
				CLANG_WARN__DUPLICATE_METHOD_MATCH = YES;
				CODE_SIGN_IDENTITY = "iPhone Developer";
				COPY_PHASE_STRIP = NO;
				DEBUG_INFORMATION_FORMAT = dwarf;
				ENABLE_STRICT_OBJC_MSGSEND = YES;
				ENABLE_TESTABILITY = YES;
				GCC_C_LANGUAGE_STANDARD = gnu11;
				GCC_DYNAMIC_NO_PIC = NO;
				GCC_NO_COMMON_BLOCKS = YES;
				GCC_OPTIMIZATION_LEVEL = 0;
				GCC_PREPROCESSOR_DEFINITIONS = (
					"DEBUG=1",
					"$(inherited)",
				);
				GCC_WARN_64_TO_32_BIT_CONVERSION = YES;
				GCC_WARN_ABOUT_RETURN_TYPE = YES_ERROR;
				GCC_WARN_UNDECLARED_SELECTOR = YES;
				GCC_WARN_UNINITIALIZED_AUTOS = YES_AGGRESSIVE;
				GCC_WARN_UNUSED_FUNCTION = YES;
				GCC_WARN_UNUSED_VARIABLE = YES;
				IPHONEOS_DEPLOYMENT_TARGET = 12.0;
				MTL_ENABLE_DEBUG_INFO = INCLUDE_SOURCE;
				MTL_FAST_MATH = YES;
				ONLY_ACTIVE_ARCH = YES;
				SDKROOT = iphoneos;
				SWIFT_ACTIVE_COMPILATION_CONDITIONS = DEBUG;
				SWIFT_OPTIMIZATION_LEVEL = "-Onone";
				SWIFT_VERSION = 4.2;
			};
			name = Debug;
		};
		971FDA652162F31C000C3DF7 /* Release */ = {
			isa = XCBuildConfiguration;
			buildSettings = {
				ALWAYS_SEARCH_USER_PATHS = NO;
				CLANG_ANALYZER_NONNULL = YES;
				CLANG_ANALYZER_NUMBER_OBJECT_CONVERSION = YES_AGGRESSIVE;
				CLANG_CXX_LANGUAGE_STANDARD = "gnu++14";
				CLANG_CXX_LIBRARY = "libc++";
				CLANG_ENABLE_MODULES = YES;
				CLANG_ENABLE_OBJC_ARC = YES;
				CLANG_ENABLE_OBJC_WEAK = YES;
				CLANG_WARN_BLOCK_CAPTURE_AUTORELEASING = YES;
				CLANG_WARN_BOOL_CONVERSION = YES;
				CLANG_WARN_COMMA = YES;
				CLANG_WARN_CONSTANT_CONVERSION = YES;
				CLANG_WARN_DEPRECATED_OBJC_IMPLEMENTATIONS = YES;
				CLANG_WARN_DIRECT_OBJC_ISA_USAGE = YES_ERROR;
				CLANG_WARN_DOCUMENTATION_COMMENTS = YES;
				CLANG_WARN_EMPTY_BODY = YES;
				CLANG_WARN_ENUM_CONVERSION = YES;
				CLANG_WARN_INFINITE_RECURSION = YES;
				CLANG_WARN_INT_CONVERSION = YES;
				CLANG_WARN_NON_LITERAL_NULL_CONVERSION = YES;
				CLANG_WARN_OBJC_IMPLICIT_RETAIN_SELF = YES;
				CLANG_WARN_OBJC_LITERAL_CONVERSION = YES;
				CLANG_WARN_OBJC_ROOT_CLASS = YES_ERROR;
				CLANG_WARN_RANGE_LOOP_ANALYSIS = YES;
				CLANG_WARN_STRICT_PROTOTYPES = YES;
				CLANG_WARN_SUSPICIOUS_MOVE = YES;
				CLANG_WARN_UNGUARDED_AVAILABILITY = YES_AGGRESSIVE;
				CLANG_WARN_UNREACHABLE_CODE = YES;
				CLANG_WARN__DUPLICATE_METHOD_MATCH = YES;
				CODE_SIGN_IDENTITY = "iPhone Developer";
				COPY_PHASE_STRIP = NO;
				DEBUG_INFORMATION_FORMAT = "dwarf-with-dsym";
				ENABLE_NS_ASSERTIONS = NO;
				ENABLE_STRICT_OBJC_MSGSEND = YES;
				GCC_C_LANGUAGE_STANDARD = gnu11;
				GCC_NO_COMMON_BLOCKS = YES;
				GCC_WARN_64_TO_32_BIT_CONVERSION = YES;
				GCC_WARN_ABOUT_RETURN_TYPE = YES_ERROR;
				GCC_WARN_UNDECLARED_SELECTOR = YES;
				GCC_WARN_UNINITIALIZED_AUTOS = YES_AGGRESSIVE;
				GCC_WARN_UNUSED_FUNCTION = YES;
				GCC_WARN_UNUSED_VARIABLE = YES;
				IPHONEOS_DEPLOYMENT_TARGET = 12.0;
				MTL_ENABLE_DEBUG_INFO = NO;
				MTL_FAST_MATH = YES;
				SDKROOT = iphoneos;
				SWIFT_COMPILATION_MODE = wholemodule;
				SWIFT_OPTIMIZATION_LEVEL = "-O";
				SWIFT_VERSION = 4.2;
				VALIDATE_PRODUCT = YES;
			};
			name = Release;
		};
		971FDA672162F31C000C3DF7 /* Debug */ = {
			isa = XCBuildConfiguration;
			buildSettings = {
				ASSETCATALOG_COMPILER_APPICON_NAME = AppIcon;
				CODE_SIGN_IDENTITY = "iPhone Developer";
				CODE_SIGN_STYLE = Automatic;
				DEVELOPMENT_TEAM = "";
				INFOPLIST_FILE = Selfigram/Info.plist;
				LD_RUNPATH_SEARCH_PATHS = (
					"$(inherited)",
					"@executable_path/Frameworks",
				);
				PRODUCT_BUNDLE_IDENTIFIER = lighthouse.Selfigram;
				PRODUCT_NAME = "$(TARGET_NAME)";
				PROVISIONING_PROFILE_SPECIFIER = "";
				SWIFT_VERSION = 4.2;
				TARGETED_DEVICE_FAMILY = "1,2";
			};
			name = Debug;
		};
		971FDA682162F31C000C3DF7 /* Release */ = {
			isa = XCBuildConfiguration;
			buildSettings = {
				ASSETCATALOG_COMPILER_APPICON_NAME = AppIcon;
				CODE_SIGN_IDENTITY = "iPhone Developer";
				CODE_SIGN_STYLE = Automatic;
				DEVELOPMENT_TEAM = "";
				INFOPLIST_FILE = Selfigram/Info.plist;
				LD_RUNPATH_SEARCH_PATHS = (
					"$(inherited)",
					"@executable_path/Frameworks",
				);
				PRODUCT_BUNDLE_IDENTIFIER = lighthouse.Selfigram;
				PRODUCT_NAME = "$(TARGET_NAME)";
				PROVISIONING_PROFILE_SPECIFIER = "";
				SWIFT_VERSION = 4.2;
				TARGETED_DEVICE_FAMILY = "1,2";
			};
			name = Release;
		};
		971FDA6A2162F31C000C3DF7 /* Debug */ = {
			isa = XCBuildConfiguration;
			buildSettings = {
				ALWAYS_EMBED_SWIFT_STANDARD_LIBRARIES = YES;
				BUNDLE_LOADER = "$(TEST_HOST)";
				CODE_SIGN_STYLE = Automatic;
				INFOPLIST_FILE = SelfigramTests/Info.plist;
				LD_RUNPATH_SEARCH_PATHS = (
					"$(inherited)",
					"@executable_path/Frameworks",
					"@loader_path/Frameworks",
				);
				PRODUCT_BUNDLE_IDENTIFIER = lighthouse.SelfigramTests;
				PRODUCT_NAME = "$(TARGET_NAME)";
				SWIFT_VERSION = 4.2;
				TARGETED_DEVICE_FAMILY = "1,2";
				TEST_HOST = "$(BUILT_PRODUCTS_DIR)/Selfigram.app/Selfigram";
			};
			name = Debug;
		};
		971FDA6B2162F31C000C3DF7 /* Release */ = {
			isa = XCBuildConfiguration;
			buildSettings = {
				ALWAYS_EMBED_SWIFT_STANDARD_LIBRARIES = YES;
				BUNDLE_LOADER = "$(TEST_HOST)";
				CODE_SIGN_STYLE = Automatic;
				INFOPLIST_FILE = SelfigramTests/Info.plist;
				LD_RUNPATH_SEARCH_PATHS = (
					"$(inherited)",
					"@executable_path/Frameworks",
					"@loader_path/Frameworks",
				);
				PRODUCT_BUNDLE_IDENTIFIER = lighthouse.SelfigramTests;
				PRODUCT_NAME = "$(TARGET_NAME)";
				SWIFT_VERSION = 4.2;
				TARGETED_DEVICE_FAMILY = "1,2";
				TEST_HOST = "$(BUILT_PRODUCTS_DIR)/Selfigram.app/Selfigram";
			};
			name = Release;
		};
		971FDA6D2162F31C000C3DF7 /* Debug */ = {
			isa = XCBuildConfiguration;
			buildSettings = {
				ALWAYS_EMBED_SWIFT_STANDARD_LIBRARIES = YES;
				CODE_SIGN_STYLE = Automatic;
				INFOPLIST_FILE = SelfigramUITests/Info.plist;
				LD_RUNPATH_SEARCH_PATHS = (
					"$(inherited)",
					"@executable_path/Frameworks",
					"@loader_path/Frameworks",
				);
				PRODUCT_BUNDLE_IDENTIFIER = lighthouse.SelfigramUITests;
				PRODUCT_NAME = "$(TARGET_NAME)";
				SWIFT_VERSION = 4.2;
				TARGETED_DEVICE_FAMILY = "1,2";
				TEST_TARGET_NAME = Selfigram;
			};
			name = Debug;
		};
		971FDA6E2162F31C000C3DF7 /* Release */ = {
			isa = XCBuildConfiguration;
			buildSettings = {
				ALWAYS_EMBED_SWIFT_STANDARD_LIBRARIES = YES;
				CODE_SIGN_STYLE = Automatic;
				INFOPLIST_FILE = SelfigramUITests/Info.plist;
				LD_RUNPATH_SEARCH_PATHS = (
					"$(inherited)",
					"@executable_path/Frameworks",
					"@loader_path/Frameworks",
				);
				PRODUCT_BUNDLE_IDENTIFIER = lighthouse.SelfigramUITests;
				PRODUCT_NAME = "$(TARGET_NAME)";
				SWIFT_VERSION = 4.2;
				TARGETED_DEVICE_FAMILY = "1,2";
				TEST_TARGET_NAME = Selfigram;
			};
			name = Release;
		};
/* End XCBuildConfiguration section */

/* Begin XCConfigurationList section */
		971FDA392162F31B000C3DF7 /* Build configuration list for PBXProject "Selfigram" */ = {
			isa = XCConfigurationList;
			buildConfigurations = (
				971FDA642162F31C000C3DF7 /* Debug */,
				971FDA652162F31C000C3DF7 /* Release */,
			);
			defaultConfigurationIsVisible = 0;
			defaultConfigurationName = Release;
		};
		971FDA662162F31C000C3DF7 /* Build configuration list for PBXNativeTarget "Selfigram" */ = {
			isa = XCConfigurationList;
			buildConfigurations = (
				971FDA672162F31C000C3DF7 /* Debug */,
				971FDA682162F31C000C3DF7 /* Release */,
			);
			defaultConfigurationIsVisible = 0;
			defaultConfigurationName = Release;
		};
		971FDA692162F31C000C3DF7 /* Build configuration list for PBXNativeTarget "SelfigramTests" */ = {
			isa = XCConfigurationList;
			buildConfigurations = (
				971FDA6A2162F31C000C3DF7 /* Debug */,
				971FDA6B2162F31C000C3DF7 /* Release */,
			);
			defaultConfigurationIsVisible = 0;
			defaultConfigurationName = Release;
		};
		971FDA6C2162F31C000C3DF7 /* Build configuration list for PBXNativeTarget "SelfigramUITests" */ = {
			isa = XCConfigurationList;
			buildConfigurations = (
				971FDA6D2162F31C000C3DF7 /* Debug */,
				971FDA6E2162F31C000C3DF7 /* Release */,
			);
			defaultConfigurationIsVisible = 0;
			defaultConfigurationName = Release;
		};
/* End XCConfigurationList section */
	};
	rootObject = 971FDA362162F31B000C3DF7 /* Project object */;
}
